{
  "projects": [
    {
      "projectId": "785LmUYPoUm6pacfNyEDZ9",
      "version": "latest",
      "dependencies": {},
      "lang": "ts",
      "fileLocks": [
        {
          "type": "globalVariant",
          "assetId": "1lSa9OAn-eAji",
          "checksum": "74b59f4b6ca70aa51933447379bcd5d2"
        },
        {
          "assetId": "785LmUYPoUm6pacfNyEDZ9",
          "type": "projectCss",
          "checksum": "fd4ea9b6fe0b6c20313617ab6ba84b0a"
        },
        {
          "type": "renderModule",
          "assetId": "xs87ByT3OU",
          "checksum": "7d2aa1151e3619a9273fa4b07ab30f02"
        },
        {
          "type": "cssRules",
          "assetId": "xs87ByT3OU",
          "checksum": "7d2aa1151e3619a9273fa4b07ab30f02"
        },
        {
          "type": "renderModule",
          "assetId": "-fKdY0THT-",
          "checksum": "64d7cdb908e58ffa06437438c243cdfa"
        },
        {
          "type": "cssRules",
          "assetId": "-fKdY0THT-",
          "checksum": "64d7cdb908e58ffa06437438c243cdfa"
        }
      ],
      "codegenVersion": "0.0.1"
    }
  ],
  "cliVersion": "0.1.184"
}
